
Microsoft Visual Studio Solution File, Format Version 12.00
# Visual Studio Version 17
VisualStudioVersion = 17.9.34616.47
MinimumVisualStudioVersion = 10.0.40219.1
Project("{FAE04EC0-301F-11D3-BF4B-00C04F79EFBC}") = "AsyncAwait", "AsyncAwait.csproj", "{C40F6922-E0A2-427D-9BC8-594FDF042A4F}"
EndProject
Global
	GlobalSection(SolutionConfigurationPlatforms) = preSolution
		Debug|Any CPU = Debug|Any CPU
		Release|Any CPU = Release|Any CPU
	EndGlobalSection
	GlobalSection(ProjectConfigurationPlatforms) = postSolution
		{C40F6922-E0A2-427D-9BC8-594FDF042A4F}.Debug|Any CPU.ActiveCfg = Debug|Any CPU
		{C40F6922-E0A2-427D-9BC8-594FDF042A4F}.Debug|Any CPU.Build.0 = Debug|Any CPU
		{C40F6922-E0A2-427D-9BC8-594FDF042A4F}.Release|Any CPU.ActiveCfg = Release|Any CPU
		{C40F6922-E0A2-427D-9BC8-594FDF042A4F}.Release|Any CPU.Build.0 = Release|Any CPU
	EndGlobalSection
	GlobalSection(SolutionProperties) = preSolution
		HideSolutionNode = FALSE
	EndGlobalSection
	GlobalSection(ExtensibilityGlobals) = postSolution
		SolutionGuid = {67B0D6ED-C1A7-4C84-AA8D-EDF1E4E3176E}
	EndGlobalSection
EndGlobal
