
Microsoft Visual Studio Solution File, Format Version 12.00
# Visual Studio Version 17
VisualStudioVersion = 17.9.34616.47
MinimumVisualStudioVersion = 10.0.40219.1
Project("{9A19103F-16F7-4668-BE54-9A1E7A4F7556}") = "Messanger", "Messanger.csproj", "{2ED76274-0D19-4B99-B641-9743DC91941F}"
EndProject
Project("{9A19103F-16F7-4668-BE54-9A1E7A4F7556}") = "ChatServer", "..\ChatServer\ChatServer.csproj", "{14D95E8F-9B66-4E8E-8D9E-0811979B32E1}"
EndProject
Global
	GlobalSection(SolutionConfigurationPlatforms) = preSolution
		Debug|Any CPU = Debug|Any CPU
		Release|Any CPU = Release|Any CPU
	EndGlobalSection
	GlobalSection(ProjectConfigurationPlatforms) = postSolution
		{2ED76274-0D19-4B99-B641-9743DC91941F}.Debug|Any CPU.ActiveCfg = Debug|Any CPU
		{2ED76274-0D19-4B99-B641-9743DC91941F}.Debug|Any CPU.Build.0 = Debug|Any CPU
		{2ED76274-0D19-4B99-B641-9743DC91941F}.Release|Any CPU.ActiveCfg = Release|Any CPU
		{2ED76274-0D19-4B99-B641-9743DC91941F}.Release|Any CPU.Build.0 = Release|Any CPU
		{14D95E8F-9B66-4E8E-8D9E-0811979B32E1}.Debug|Any CPU.ActiveCfg = Debug|Any CPU
		{14D95E8F-9B66-4E8E-8D9E-0811979B32E1}.Debug|Any CPU.Build.0 = Debug|Any CPU
		{14D95E8F-9B66-4E8E-8D9E-0811979B32E1}.Release|Any CPU.ActiveCfg = Release|Any CPU
		{14D95E8F-9B66-4E8E-8D9E-0811979B32E1}.Release|Any CPU.Build.0 = Release|Any CPU
	EndGlobalSection
	GlobalSection(SolutionProperties) = preSolution
		HideSolutionNode = FALSE
	EndGlobalSection
	GlobalSection(ExtensibilityGlobals) = postSolution
		SolutionGuid = {44EEAC95-F3DE-4CF1-B531-08DA45048E31}
	EndGlobalSection
EndGlobal
