
Microsoft Visual Studio Solution File, Format Version 12.00
# Visual Studio Version 17
VisualStudioVersion = 17.9.34616.47
MinimumVisualStudioVersion = 10.0.40219.1
Project("{9A19103F-16F7-4668-BE54-9A1E7A4F7556}") = "Parallel", "Parallel.csproj", "{10244D05-D06F-4E11-8A35-B959DA68540C}"
EndProject
Project("{FAE04EC0-301F-11D3-BF4B-00C04F79EFBC}") = "Parallel_2", "..\Parallel_2\Parallel_2.csproj", "{EFC87C36-AFE3-4DD6-B8BD-C6248F86ABCB}"
EndProject
Project("{FAE04EC0-301F-11D3-BF4B-00C04F79EFBC}") = "Parallel_3", "..\Parallel_3\Parallel_3.csproj", "{4DB0FEF0-798A-485C-9443-035AF3FC1D85}"
EndProject
Project("{FAE04EC0-301F-11D3-BF4B-00C04F79EFBC}") = "Parallel_4", "..\Parallel_4\Parallel_4.csproj", "{5905E07B-0CFF-4BFC-9453-D464038BADF3}"
EndProject
Global
	GlobalSection(SolutionConfigurationPlatforms) = preSolution
		Debug|Any CPU = Debug|Any CPU
		Release|Any CPU = Release|Any CPU
	EndGlobalSection
	GlobalSection(ProjectConfigurationPlatforms) = postSolution
		{10244D05-D06F-4E11-8A35-B959DA68540C}.Debug|Any CPU.ActiveCfg = Debug|Any CPU
		{10244D05-D06F-4E11-8A35-B959DA68540C}.Debug|Any CPU.Build.0 = Debug|Any CPU
		{10244D05-D06F-4E11-8A35-B959DA68540C}.Release|Any CPU.ActiveCfg = Release|Any CPU
		{10244D05-D06F-4E11-8A35-B959DA68540C}.Release|Any CPU.Build.0 = Release|Any CPU
		{EFC87C36-AFE3-4DD6-B8BD-C6248F86ABCB}.Debug|Any CPU.ActiveCfg = Debug|Any CPU
		{EFC87C36-AFE3-4DD6-B8BD-C6248F86ABCB}.Debug|Any CPU.Build.0 = Debug|Any CPU
		{EFC87C36-AFE3-4DD6-B8BD-C6248F86ABCB}.Release|Any CPU.ActiveCfg = Release|Any CPU
		{EFC87C36-AFE3-4DD6-B8BD-C6248F86ABCB}.Release|Any CPU.Build.0 = Release|Any CPU
		{4DB0FEF0-798A-485C-9443-035AF3FC1D85}.Debug|Any CPU.ActiveCfg = Debug|Any CPU
		{4DB0FEF0-798A-485C-9443-035AF3FC1D85}.Debug|Any CPU.Build.0 = Debug|Any CPU
		{4DB0FEF0-798A-485C-9443-035AF3FC1D85}.Release|Any CPU.ActiveCfg = Release|Any CPU
		{4DB0FEF0-798A-485C-9443-035AF3FC1D85}.Release|Any CPU.Build.0 = Release|Any CPU
		{5905E07B-0CFF-4BFC-9453-D464038BADF3}.Debug|Any CPU.ActiveCfg = Debug|Any CPU
		{5905E07B-0CFF-4BFC-9453-D464038BADF3}.Debug|Any CPU.Build.0 = Debug|Any CPU
		{5905E07B-0CFF-4BFC-9453-D464038BADF3}.Release|Any CPU.ActiveCfg = Release|Any CPU
		{5905E07B-0CFF-4BFC-9453-D464038BADF3}.Release|Any CPU.Build.0 = Release|Any CPU
	EndGlobalSection
	GlobalSection(SolutionProperties) = preSolution
		HideSolutionNode = FALSE
	EndGlobalSection
	GlobalSection(ExtensibilityGlobals) = postSolution
		SolutionGuid = {DD3685EF-CC0E-41C3-B906-D3EEF81E10DA}
	EndGlobalSection
EndGlobal
