
Microsoft Visual Studio Solution File, Format Version 12.00
# Visual Studio Version 17
VisualStudioVersion = 17.9.34616.47
MinimumVisualStudioVersion = 10.0.40219.1
Project("{FAE04EC0-301F-11D3-BF4B-00C04F79EFBC}") = "processes_1", "processes_1.csproj", "{98DD49BD-C8F4-4C8E-AC4C-32CB99870886}"
EndProject
Global
	GlobalSection(SolutionConfigurationPlatforms) = preSolution
		Debug|Any CPU = Debug|Any CPU
		Release|Any CPU = Release|Any CPU
	EndGlobalSection
	GlobalSection(ProjectConfigurationPlatforms) = postSolution
		{98DD49BD-C8F4-4C8E-AC4C-32CB99870886}.Debug|Any CPU.ActiveCfg = Debug|Any CPU
		{98DD49BD-C8F4-4C8E-AC4C-32CB99870886}.Debug|Any CPU.Build.0 = Debug|Any CPU
		{98DD49BD-C8F4-4C8E-AC4C-32CB99870886}.Release|Any CPU.ActiveCfg = Release|Any CPU
		{98DD49BD-C8F4-4C8E-AC4C-32CB99870886}.Release|Any CPU.Build.0 = Release|Any CPU
	EndGlobalSection
	GlobalSection(SolutionProperties) = preSolution
		HideSolutionNode = FALSE
	EndGlobalSection
	GlobalSection(ExtensibilityGlobals) = postSolution
		SolutionGuid = {D7507DC0-4439-4249-9E1B-2AAC2B4A0CAD}
	EndGlobalSection
EndGlobal
